
Microsoft Visual Studio Solution File, Format Version 12.00
# Visual Studio 15
VisualStudioVersion = 15.0.28010.2046
MinimumVisualStudioVersion = 10.0.40219.1
Project("{9A19103F-16F7-4668-BE54-9A1E7A4F7556}") = "SubgraphIsomorphismBenchmark", "SubgraphIsomorphismBenchmark\SubgraphIsomorphismBenchmark.csproj", "{550B98DF-33F0-4569-B654-99C1B50E6BFC}"
EndProject
Project("{9A19103F-16F7-4668-BE54-9A1E7A4F7556}") = "GraphDataStructure", "Graph\GraphDataStructure.csproj", "{6F2C2907-C04C-4CC5-B9A9-75E6C5DF483A}"
EndProject
Project("{9A19103F-16F7-4668-BE54-9A1E7A4F7556}") = "SubgraphIsomorphismExactAlgorithm", "SubgraphIsomorphismExactAlgorithm\SubgraphIsomorphismExactAlgorithm.csproj", "{942636B2-40B6-4018-8B7C-D075863CAD26}"
EndProject
Project("{9A19103F-16F7-4668-BE54-9A1E7A4F7556}") = "SubgraphIsomorphismTests", "SubgraphIsomorphismTests\SubgraphIsomorphismTests.csproj", "{2FCA2148-2ED7-4FC3-B81A-E2A7D4AB2F5E}"
EndProject
Project("{9A19103F-16F7-4668-BE54-9A1E7A4F7556}") = "MathParser", "MathParser\MathParser.csproj", "{972FC4C1-D5B5-4E78-AAAC-A8B65ED45C89}"
EndProject
Global
	GlobalSection(SolutionConfigurationPlatforms) = preSolution
		Debug|Any CPU = Debug|Any CPU
		Release|Any CPU = Release|Any CPU
	EndGlobalSection
	GlobalSection(ProjectConfigurationPlatforms) = postSolution
		{550B98DF-33F0-4569-B654-99C1B50E6BFC}.Debug|Any CPU.ActiveCfg = Debug|Any CPU
		{550B98DF-33F0-4569-B654-99C1B50E6BFC}.Debug|Any CPU.Build.0 = Debug|Any CPU
		{550B98DF-33F0-4569-B654-99C1B50E6BFC}.Release|Any CPU.ActiveCfg = Release|Any CPU
		{550B98DF-33F0-4569-B654-99C1B50E6BFC}.Release|Any CPU.Build.0 = Release|Any CPU
		{6F2C2907-C04C-4CC5-B9A9-75E6C5DF483A}.Debug|Any CPU.ActiveCfg = Debug|Any CPU
		{6F2C2907-C04C-4CC5-B9A9-75E6C5DF483A}.Debug|Any CPU.Build.0 = Debug|Any CPU
		{6F2C2907-C04C-4CC5-B9A9-75E6C5DF483A}.Release|Any CPU.ActiveCfg = Release|Any CPU
		{6F2C2907-C04C-4CC5-B9A9-75E6C5DF483A}.Release|Any CPU.Build.0 = Release|Any CPU
		{942636B2-40B6-4018-8B7C-D075863CAD26}.Debug|Any CPU.ActiveCfg = Debug|Any CPU
		{942636B2-40B6-4018-8B7C-D075863CAD26}.Debug|Any CPU.Build.0 = Debug|Any CPU
		{942636B2-40B6-4018-8B7C-D075863CAD26}.Release|Any CPU.ActiveCfg = Release|Any CPU
		{942636B2-40B6-4018-8B7C-D075863CAD26}.Release|Any CPU.Build.0 = Release|Any CPU
		{2FCA2148-2ED7-4FC3-B81A-E2A7D4AB2F5E}.Debug|Any CPU.ActiveCfg = Debug|Any CPU
		{2FCA2148-2ED7-4FC3-B81A-E2A7D4AB2F5E}.Debug|Any CPU.Build.0 = Debug|Any CPU
		{2FCA2148-2ED7-4FC3-B81A-E2A7D4AB2F5E}.Release|Any CPU.ActiveCfg = Release|Any CPU
		{2FCA2148-2ED7-4FC3-B81A-E2A7D4AB2F5E}.Release|Any CPU.Build.0 = Release|Any CPU
		{972FC4C1-D5B5-4E78-AAAC-A8B65ED45C89}.Debug|Any CPU.ActiveCfg = Debug|Any CPU
		{972FC4C1-D5B5-4E78-AAAC-A8B65ED45C89}.Debug|Any CPU.Build.0 = Debug|Any CPU
		{972FC4C1-D5B5-4E78-AAAC-A8B65ED45C89}.Release|Any CPU.ActiveCfg = Release|Any CPU
		{972FC4C1-D5B5-4E78-AAAC-A8B65ED45C89}.Release|Any CPU.Build.0 = Release|Any CPU
	EndGlobalSection
	GlobalSection(SolutionProperties) = preSolution
		HideSolutionNode = FALSE
	EndGlobalSection
	GlobalSection(ExtensibilityGlobals) = postSolution
		SolutionGuid = {1E9CA996-5905-4506-B1C9-5CA461195BDA}
	EndGlobalSection
EndGlobal
